// !$*UTF8*$!
{
	archiveVersion = 1;
	classes = {
	};
	objectVersion = 48;
	objects = {

/* Begin PBXBuildFile section */
		CDA9B8E020601F0100E6FAF0 /* AppDelegate.m in Sources */ = {isa = PBXBuildFile; fileRef = CDA9B8DF20601F0100E6FAF0 /* AppDelegate.m */; };
		CDA9B8E320601F0100E6FAF0 /* ViewController.m in Sources */ = {isa = PBXBuildFile; fileRef = CDA9B8E220601F0100E6FAF0 /* ViewController.m */; };
		CDA9B8E620601F0100E6FAF0 /* Main.storyboard in Resources */ = {isa = PBXBuildFile; fileRef = CDA9B8E420601F0100E6FAF0 /* Main.storyboard */; };
		CDA9B8E820601F0100E6FAF0 /* Assets.xcassets in Resources */ = {isa = PBXBuildFile; fileRef = CDA9B8E720601F0100E6FAF0 /* Assets.xcassets */; };
		CDA9B8EB20601F0100E6FAF0 /* LaunchScreen.storyboard in Resources */ = {isa = PBXBuildFile; fileRef = CDA9B8E920601F0100E6FAF0 /* LaunchScreen.storyboard */; };
		CDA9B8EE20601F0100E6FAF0 /* main.m in Sources */ = {isa = PBXBuildFile; fileRef = CDA9B8ED20601F0100E6FAF0 /* main.m */; };
		CDA9B9092060203400E6FAF0 /* places.txt in Resources */ = {isa = PBXBuildFile; fileRef = CDA9B9072060203400E6FAF0 /* places.txt */; };
		CDA9B91D2060237400E6FAF0 /* GLDensityMap.framework in Frameworks */ = {isa = PBXBuildFile; fileRef = CDA9B91C2060236C00E6FAF0 /* GLDensityMap.framework */; };
		CDA9B91E2060237400E6FAF0 /* GLDensityMap.framework in Embed Frameworks */ = {isa = PBXBuildFile; fileRef = CDA9B91C2060236C00E6FAF0 /* GLDensityMap.framework */; settings = {ATTRIBUTES = (CodeSignOnCopy, RemoveHeadersOnCopy, ); }; };
/* End PBXBuildFile section */

/* Begin PBXCopyFilesBuildPhase section */
		CDA9B9122060224300E6FAF0 /* Embed Frameworks */ = {
			isa = PBXCopyFilesBuildPhase;
			buildActionMask = 2147483647;
			dstPath = "";
			dstSubfolderSpec = 10;
			files = (
				CDA9B91E2060237400E6FAF0 /* GLDensityMap.framework in Embed Frameworks */,
			);
			name = "Embed Frameworks";
			runOnlyForDeploymentPostprocessing = 0;
		};
/* End PBXCopyFilesBuildPhase section */

/* Begin PBXFileReference section */
		CDA9B8DB20601F0100E6FAF0 /* Example.app */ = {isa = PBXFileReference; explicitFileType = wrapper.application; includeInIndex = 0; path = Example.app; sourceTree = BUILT_PRODUCTS_DIR; };
		CDA9B8DE20601F0100E6FAF0 /* AppDelegate.h */ = {isa = PBXFileReference; lastKnownFileType = sourcecode.c.h; path = AppDelegate.h; sourceTree = "<group>"; };
		CDA9B8DF20601F0100E6FAF0 /* AppDelegate.m */ = {isa = PBXFileReference; lastKnownFileType = sourcecode.c.objc; path = AppDelegate.m; sourceTree = "<group>"; };
		CDA9B8E120601F0100E6FAF0 /* ViewController.h */ = {isa = PBXFileReference; lastKnownFileType = sourcecode.c.h; path = ViewController.h; sourceTree = "<group>"; };
		CDA9B8E220601F0100E6FAF0 /* ViewController.m */ = {isa = PBXFileReference; lastKnownFileType = sourcecode.c.objc; path = ViewController.m; sourceTree = "<group>"; };
		CDA9B8E520601F0100E6FAF0 /* Base */ = {isa = PBXFileReference; lastKnownFileType = file.storyboard; name = Base; path = Base.lproj/Main.storyboard; sourceTree = "<group>"; };
		CDA9B8E720601F0100E6FAF0 /* Assets.xcassets */ = {isa = PBXFileReference; lastKnownFileType = folder.assetcatalog; path = Assets.xcassets; sourceTree = "<group>"; };
		CDA9B8EA20601F0100E6FAF0 /* Base */ = {isa = PBXFileReference; lastKnownFileType = file.storyboard; name = Base; path = Base.lproj/LaunchScreen.storyboard; sourceTree = "<group>"; };
		CDA9B8EC20601F0100E6FAF0 /* Info.plist */ = {isa = PBXFileReference; lastKnownFileType = text.plist.xml; path = Info.plist; sourceTree = "<group>"; };
		CDA9B8ED20601F0100E6FAF0 /* main.m */ = {isa = PBXFileReference; lastKnownFileType = sourcecode.c.objc; path = main.m; sourceTree = "<group>"; };
		CDA9B9072060203400E6FAF0 /* places.txt */ = {isa = PBXFileReference; fileEncoding = 4; lastKnownFileType = text; path = places.txt; sourceTree = "<group>"; };
		CDA9B91C2060236C00E6FAF0 /* GLDensityMap.framework */ = {isa = PBXFileReference; explicitFileType = wrapper.framework; path = GLDensityMap.framework; sourceTree = BUILT_PRODUCTS_DIR; };
/* End PBXFileReference section */

/* Begin PBXFrameworksBuildPhase section */
		CDA9B8D820601F0100E6FAF0 /* Frameworks */ = {
			isa = PBXFrameworksBuildPhase;
			buildActionMask = 2147483647;
			files = (
				CDA9B91D2060237400E6FAF0 /* GLDensityMap.framework in Frameworks */,
			);
			runOnlyForDeploymentPostprocessing = 0;
		};
/* End PBXFrameworksBuildPhase section */

/* Begin PBXGroup section */
		CDA9B8D220601F0100E6FAF0 = {
			isa = PBXGroup;
			children = (
				CDA9B8DD20601F0100E6FAF0 /* Example */,
				CDA9B8DC20601F0100E6FAF0 /* Products */,
				CDA9B90A206020A200E6FAF0 /* Frameworks */,
			);
			sourceTree = "<group>";
		};
		CDA9B8DC20601F0100E6FAF0 /* Products */ = {
			isa = PBXGroup;
			children = (
				CDA9B8DB20601F0100E6FAF0 /* Example.app */,
			);
			name = Products;
			sourceTree = "<group>";
		};
		CDA9B8DD20601F0100E6FAF0 /* Example */ = {
			isa = PBXGroup;
			children = (
				CDA9B9052060203400E6FAF0 /* Resources */,
				CDA9B8DE20601F0100E6FAF0 /* AppDelegate.h */,
				CDA9B8DF20601F0100E6FAF0 /* AppDelegate.m */,
				CDA9B8E120601F0100E6FAF0 /* ViewController.h */,
				CDA9B8E220601F0100E6FAF0 /* ViewController.m */,
				CDA9B8E420601F0100E6FAF0 /* Main.storyboard */,
				CDA9B8E920601F0100E6FAF0 /* LaunchScreen.storyboard */,
				CDA9B8EC20601F0100E6FAF0 /* Info.plist */,
				CDA9B8ED20601F0100E6FAF0 /* main.m */,
			);
			path = Example;
			sourceTree = "<group>";
		};
		CDA9B9052060203400E6FAF0 /* Resources */ = {
			isa = PBXGroup;
			children = (
				CDA9B8E720601F0100E6FAF0 /* Assets.xcassets */,
				CDA9B9072060203400E6FAF0 /* places.txt */,
			);
			path = Resources;
			sourceTree = "<group>";
		};
		CDA9B90A206020A200E6FAF0 /* Frameworks */ = {
			isa = PBXGroup;
			children = (
				CDA9B91C2060236C00E6FAF0 /* GLDensityMap.framework */,
			);
			name = Frameworks;
			sourceTree = "<group>";
		};
/* End PBXGroup section */

/* Begin PBXNativeTarget section */
		CDA9B8DA20601F0100E6FAF0 /* Example */ = {
			isa = PBXNativeTarget;
			buildConfigurationList = CDA9B8F120601F0100E6FAF0 /* Build configuration list for PBXNativeTarget "Example" */;
			buildPhases = (
				CDA9B8D720601F0100E6FAF0 /* Sources */,
				CDA9B8D820601F0100E6FAF0 /* Frameworks */,
				CDA9B8D920601F0100E6FAF0 /* Resources */,
				CDA9B9122060224300E6FAF0 /* Embed Frameworks */,
			);
			buildRules = (
			);
			dependencies = (
			);
			name = Example;
			productName = Example;
			productReference = CDA9B8DB20601F0100E6FAF0 /* Example.app */;
			productType = "com.apple.product-type.application";
		};
/* End PBXNativeTarget section */

/* Begin PBXProject section */
		CDA9B8D320601F0100E6FAF0 /* Project object */ = {
			isa = PBXProject;
			attributes = {
				LastUpgradeCheck = 0920;
				ORGANIZATIONNAME = "Enrique Bermúdez";
				TargetAttributes = {
					CDA9B8DA20601F0100E6FAF0 = {
						CreatedOnToolsVersion = 9.2;
						ProvisioningStyle = Automatic;
					};
				};
			};
			buildConfigurationList = CDA9B8D620601F0100E6FAF0 /* Build configuration list for PBXProject "Example" */;
			compatibilityVersion = "Xcode 8.0";
			developmentRegion = en;
			hasScannedForEncodings = 0;
			knownRegions = (
				en,
				Base,
			);
			mainGroup = CDA9B8D220601F0100E6FAF0;
			productRefGroup = CDA9B8DC20601F0100E6FAF0 /* Products */;
			projectDirPath = "";
			projectRoot = "";
			targets = (
				CDA9B8DA20601F0100E6FAF0 /* Example */,
			);
		};
/* End PBXProject section */

/* Begin PBXResourcesBuildPhase section */
		CDA9B8D920601F0100E6FAF0 /* Resources */ = {
			isa = PBXResourcesBuildPhase;
			buildActionMask = 2147483647;
			files = (
				CDA9B8EB20601F0100E6FAF0 /* LaunchScreen.storyboard in Resources */,
				CDA9B9092060203400E6FAF0 /* places.txt in Resources */,
				CDA9B8E820601F0100E6FAF0 /* Assets.xcassets in Resources */,
				CDA9B8E620601F0100E6FAF0 /* Main.storyboard in Resources */,
			);
			runOnlyForDeploymentPostprocessing = 0;
		};
/* End PBXResourcesBuildPhase section */

/* Begin PBXSourcesBuildPhase section */
		CDA9B8D720601F0100E6FAF0 /* Sources */ = {
			isa = PBXSourcesBuildPhase;
			buildActionMask = 2147483647;
			files = (
				CDA9B8E320601F0100E6FAF0 /* ViewController.m in Sources */,
				CDA9B8EE20601F0100E6FAF0 /* main.m in Sources */,
				CDA9B8E020601F0100E6FAF0 /* AppDelegate.m in Sources */,
			);
			runOnlyForDeploymentPostprocessing = 0;
		};
/* End PBXSourcesBuildPhase section */

/* Begin PBXVariantGroup section */
		CDA9B8E420601F0100E6FAF0 /* Main.storyboard */ = {
			isa = PBXVariantGroup;
			children = (
				CDA9B8E520601F0100E6FAF0 /* Base */,
			);
			name = Main.storyboard;
			sourceTree = "<group>";
		};
		CDA9B8E920601F0100E6FAF0 /* LaunchScreen.storyboard */ = {
			isa = PBXVariantGroup;
			children = (
				CDA9B8EA20601F0100E6FAF0 /* Base */,
			);
			name = LaunchScreen.storyboard;
			sourceTree = "<group>";
		};
/* End PBXVariantGroup section */

/* Begin XCBuildConfiguration section */
		CDA9B8EF20601F0100E6FAF0 /* Debug */ = {
			isa = XCBuildConfiguration;
			buildSettings = {
				ALWAYS_SEARCH_USER_PATHS = NO;
				CLANG_ANALYZER_NONNULL = YES;
				CLANG_ANALYZER_NUMBER_OBJECT_CONVERSION = YES_AGGRESSIVE;
				CLANG_CXX_LANGUAGE_STANDARD = "gnu++14";
				CLANG_CXX_LIBRARY = "libc++";
				CLANG_ENABLE_MODULES = YES;
				CLANG_ENABLE_OBJC_ARC = YES;
				CLANG_WARN_BLOCK_CAPTURE_AUTORELEASING = YES;
				CLANG_WARN_BOOL_CONVERSION = YES;
				CLANG_WARN_COMMA = YES;
				CLANG_WARN_CONSTANT_CONVERSION = YES;
				CLANG_WARN_DIRECT_OBJC_ISA_USAGE = YES_ERROR;
				CLANG_WARN_DOCUMENTATION_COMMENTS = YES;
				CLANG_WARN_EMPTY_BODY = YES;
				CLANG_WARN_ENUM_CONVERSION = YES;
				CLANG_WARN_INFINITE_RECURSION = YES;
				CLANG_WARN_INT_CONVERSION = YES;
				CLANG_WARN_NON_LITERAL_NULL_CONVERSION = YES;
				CLANG_WARN_OBJC_LITERAL_CONVERSION = YES;
				CLANG_WARN_OBJC_ROOT_CLASS = YES_ERROR;
				CLANG_WARN_RANGE_LOOP_ANALYSIS = YES;
				CLANG_WARN_STRICT_PROTOTYPES = YES;
				CLANG_WARN_SUSPICIOUS_MOVE = YES;
				CLANG_WARN_UNGUARDED_AVAILABILITY = YES_AGGRESSIVE;
				CLANG_WARN_UNREACHABLE_CODE = YES;
				CLANG_WARN__DUPLICATE_METHOD_MATCH = YES;
				CODE_SIGN_IDENTITY = "iPhone Developer";
				COPY_PHASE_STRIP = NO;
				DEBUG_INFORMATION_FORMAT = dwarf;
				ENABLE_STRICT_OBJC_MSGSEND = YES;
				ENABLE_TESTABILITY = YES;
				GCC_C_LANGUAGE_STANDARD = gnu11;
				GCC_DYNAMIC_NO_PIC = NO;
				GCC_NO_COMMON_BLOCKS = YES;
				GCC_OPTIMIZATION_LEVEL = 0;
				GCC_PREPROCESSOR_DEFINITIONS = (
					"DEBUG=1",
					"$(inherited)",
				);
				GCC_WARN_64_TO_32_BIT_CONVERSION = YES;
				GCC_WARN_ABOUT_RETURN_TYPE = YES_ERROR;
				GCC_WARN_UNDECLARED_SELECTOR = YES;
				GCC_WARN_UNINITIALIZED_AUTOS = YES_AGGRESSIVE;
				GCC_WARN_UNUSED_FUNCTION = YES;
				GCC_WARN_UNUSED_VARIABLE = YES;
				IPHONEOS_DEPLOYMENT_TARGET = 11.2;
				MTL_ENABLE_DEBUG_INFO = YES;
				ONLY_ACTIVE_ARCH = YES;
				SDKROOT = iphoneos;
			};
			name = Debug;
		};
		CDA9B8F020601F0100E6FAF0 /* Release */ = {
			isa = XCBuildConfiguration;
			buildSettings = {
				ALWAYS_SEARCH_USER_PATHS = NO;
				CLANG_ANALYZER_NONNULL = YES;
				CLANG_ANALYZER_NUMBER_OBJECT_CONVERSION = YES_AGGRESSIVE;
				CLANG_CXX_LANGUAGE_STANDARD = "gnu++14";
				CLANG_CXX_LIBRARY = "libc++";
				CLANG_ENABLE_MODULES = YES;
				CLANG_ENABLE_OBJC_ARC = YES;
				CLANG_WARN_BLOCK_CAPTURE_AUTORELEASING = YES;
				CLANG_WARN_BOOL_CONVERSION = YES;
				CLANG_WARN_COMMA = YES;
				CLANG_WARN_CONSTANT_CONVERSION = YES;
				CLANG_WARN_DIRECT_OBJC_ISA_USAGE = YES_ERROR;
				CLANG_WARN_DOCUMENTATION_COMMENTS = YES;
				CLANG_WARN_EMPTY_BODY = YES;
				CLANG_WARN_ENUM_CONVERSION = YES;
				CLANG_WARN_INFINITE_RECURSION = YES;
				CLANG_WARN_INT_CONVERSION = YES;
				CLANG_WARN_NON_LITERAL_NULL_CONVERSION = YES;
				CLANG_WARN_OBJC_LITERAL_CONVERSION = YES;
				CLANG_WARN_OBJC_ROOT_CLASS = YES_ERROR;
				CLANG_WARN_RANGE_LOOP_ANALYSIS = YES;
				CLANG_WARN_STRICT_PROTOTYPES = YES;
				CLANG_WARN_SUSPICIOUS_MOVE = YES;
				CLANG_WARN_UNGUARDED_AVAILABILITY = YES_AGGRESSIVE;
				CLANG_WARN_UNREACHABLE_CODE = YES;
				CLANG_WARN__DUPLICATE_METHOD_MATCH = YES;
				CODE_SIGN_IDENTITY = "iPhone Developer";
				COPY_PHASE_STRIP = NO;
				DEBUG_INFORMATION_FORMAT = "dwarf-with-dsym";
				ENABLE_NS_ASSERTIONS = NO;
				ENABLE_STRICT_OBJC_MSGSEND = YES;
				GCC_C_LANGUAGE_STANDARD = gnu11;
				GCC_NO_COMMON_BLOCKS = YES;
				GCC_WARN_64_TO_32_BIT_CONVERSION = YES;
				GCC_WARN_ABOUT_RETURN_TYPE = YES_ERROR;
				GCC_WARN_UNDECLARED_SELECTOR = YES;
				GCC_WARN_UNINITIALIZED_AUTOS = YES_AGGRESSIVE;
				GCC_WARN_UNUSED_FUNCTION = YES;
				GCC_WARN_UNUSED_VARIABLE = YES;
				IPHONEOS_DEPLOYMENT_TARGET = 11.2;
				MTL_ENABLE_DEBUG_INFO = NO;
				SDKROOT = iphoneos;
				VALIDATE_PRODUCT = YES;
			};
			name = Release;
		};
		CDA9B8F220601F0100E6FAF0 /* Debug */ = {
			isa = XCBuildConfiguration;
			buildSettings = {
				ASSETCATALOG_COMPILER_APPICON_NAME = AppIcon;
				CODE_SIGN_STYLE = Automatic;
				DEVELOPMENT_TEAM = VB2B85C3L8;
				INFOPLIST_FILE = Example/Info.plist;
				LD_RUNPATH_SEARCH_PATHS = "$(inherited) @executable_path/Frameworks";
				PRODUCT_BUNDLE_IDENTIFIER = com.dmexample;
				PRODUCT_NAME = "$(TARGET_NAME)";
				TARGETED_DEVICE_FAMILY = "1,2";
			};
			name = Debug;
		};
		CDA9B8F320601F0100E6FAF0 /* Release */ = {
			isa = XCBuildConfiguration;
			buildSettings = {
				ASSETCATALOG_COMPILER_APPICON_NAME = AppIcon;
				CODE_SIGN_STYLE = Automatic;
				DEVELOPMENT_TEAM = VB2B85C3L8;
				INFOPLIST_FILE = Example/Info.plist;
				LD_RUNPATH_SEARCH_PATHS = "$(inherited) @executable_path/Frameworks";
				PRODUCT_BUNDLE_IDENTIFIER = com.dmexample;
				PRODUCT_NAME = "$(TARGET_NAME)";
				TARGETED_DEVICE_FAMILY = "1,2";
			};
			name = Release;
		};
/* End XCBuildConfiguration section */

/* Begin XCConfigurationList section */
		CDA9B8D620601F0100E6FAF0 /* Build configuration list for PBXProject "Example" */ = {
			isa = XCConfigurationList;
			buildConfigurations = (
				CDA9B8EF20601F0100E6FAF0 /* Debug */,
				CDA9B8F020601F0100E6FAF0 /* Release */,
			);
			defaultConfigurationIsVisible = 0;
			defaultConfigurationName = Release;
		};
		CDA9B8F120601F0100E6FAF0 /* Build configuration list for PBXNativeTarget "Example" */ = {
			isa = XCConfigurationList;
			buildConfigurations = (
				CDA9B8F220601F0100E6FAF0 /* Debug */,
				CDA9B8F320601F0100E6FAF0 /* Release */,
			);
			defaultConfigurationIsVisible = 0;
			defaultConfigurationName = Release;
		};
/* End XCConfigurationList section */
	};
	rootObject = CDA9B8D320601F0100E6FAF0 /* Project object */;
}
